// !$*UTF8*$!
{
	archiveVersion = 1;
	classes = {
	};
	objectVersion = 56;
	objects = {

/* Begin PBXBuildFile section */
		04D09F642A8B547900503DFF /* AppDelegate.swift in Sources */ = {isa = PBXBuildFile; fileRef = 04D09F632A8B547900503DFF /* AppDelegate.swift */; };
		04D09F6D2A8B547A00503DFF /* Assets.xcassets in Resources */ = {isa = PBXBuildFile; fileRef = 04D09F6C2A8B547A00503DFF /* Assets.xcassets */; };
		04D09F702A8B547A00503DFF /* LaunchScreen.storyboard in Resources */ = {isa = PBXBuildFile; fileRef = 04D09F6E2A8B547A00503DFF /* LaunchScreen.storyboard */; };
		04D09F792A8B612200503DFF /* HPAPIMacro.swift in Sources */ = {isa = PBXBuildFile; fileRef = 04D09F782A8B612200503DFF /* HPAPIMacro.swift */; };
		04D09F7B2A8B63C400503DFF /* HPAPIProtocols.swift in Sources */ = {isa = PBXBuildFile; fileRef = 04D09F7A2A8B63C400503DFF /* HPAPIProtocols.swift */; };
		04D09F7D2A8B646E00503DFF /* HPHTTP.swift in Sources */ = {isa = PBXBuildFile; fileRef = 04D09F7C2A8B646E00503DFF /* HPHTTP.swift */; };
		04D09F802A8B726700503DFF /* ReqNewsListEntity.swift in Sources */ = {isa = PBXBuildFile; fileRef = 04D09F7F2A8B726700503DFF /* ReqNewsListEntity.swift */; };
		04D09F822A8C77B600503DFF /* ReqRecommendListEntity.swift in Sources */ = {isa = PBXBuildFile; fileRef = 04D09F812A8C77B600503DFF /* ReqRecommendListEntity.swift */; };
		04D09F842A8CB80800503DFF /* ReqHotListEntity.swift in Sources */ = {isa = PBXBuildFile; fileRef = 04D09F832A8CB80800503DFF /* ReqHotListEntity.swift */; };
		04D09F862A8CC96F00503DFF /* GenerateJsonClass.swift in Sources */ = {isa = PBXBuildFile; fileRef = 04D09F852A8CC96F00503DFF /* GenerateJsonClass.swift */; };
		04D09F8D2A949D2B00503DFF /* HomeViewController.swift in Sources */ = {isa = PBXBuildFile; fileRef = 04D09F8C2A949D2B00503DFF /* HomeViewController.swift */; };
		04D09F912A94B5F600503DFF /* NewsViewController.swift in Sources */ = {isa = PBXBuildFile; fileRef = 04D09F902A94B5F600503DFF /* NewsViewController.swift */; };
		04D09F932A94B62D00503DFF /* HotViewCotroller.swift in Sources */ = {isa = PBXBuildFile; fileRef = 04D09F922A94B62D00503DFF /* HotViewCotroller.swift */; };
		04D09F952A94B64400503DFF /* RecommendViewController.swift in Sources */ = {isa = PBXBuildFile; fileRef = 04D09F942A94B64400503DFF /* RecommendViewController.swift */; };
		04D09F972A94B7A300503DFF /* MainViewController.swift in Sources */ = {isa = PBXBuildFile; fileRef = 04D09F962A94B7A300503DFF /* MainViewController.swift */; };
		04D09F9A2A94B82A00503DFF /* ProfileViewController.swift in Sources */ = {isa = PBXBuildFile; fileRef = 04D09F992A94B82A00503DFF /* ProfileViewController.swift */; };
		AAA9D8340C0554A3B6B1F8D3 /* Pods_ANKHP.framework in Frameworks */ = {isa = PBXBuildFile; fileRef = A4081144F2D964DEBFA94D58 /* Pods_ANKHP.framework */; };
/* End PBXBuildFile section */

/* Begin PBXFileReference section */
		04D09F602A8B547900503DFF /* ANKHP.app */ = {isa = PBXFileReference; explicitFileType = wrapper.application; includeInIndex = 0; path = ANKHP.app; sourceTree = BUILT_PRODUCTS_DIR; };
		04D09F632A8B547900503DFF /* AppDelegate.swift */ = {isa = PBXFileReference; lastKnownFileType = sourcecode.swift; path = AppDelegate.swift; sourceTree = "<group>"; };
		04D09F6C2A8B547A00503DFF /* Assets.xcassets */ = {isa = PBXFileReference; lastKnownFileType = folder.assetcatalog; path = Assets.xcassets; sourceTree = "<group>"; };
		04D09F6F2A8B547A00503DFF /* Base */ = {isa = PBXFileReference; lastKnownFileType = file.storyboard; name = Base; path = Base.lproj/LaunchScreen.storyboard; sourceTree = "<group>"; };
		04D09F712A8B547A00503DFF /* Info.plist */ = {isa = PBXFileReference; lastKnownFileType = text.plist.xml; path = Info.plist; sourceTree = "<group>"; };
		04D09F782A8B612200503DFF /* HPAPIMacro.swift */ = {isa = PBXFileReference; lastKnownFileType = sourcecode.swift; path = HPAPIMacro.swift; sourceTree = "<group>"; };
		04D09F7A2A8B63C400503DFF /* HPAPIProtocols.swift */ = {isa = PBXFileReference; lastKnownFileType = sourcecode.swift; path = HPAPIProtocols.swift; sourceTree = "<group>"; };
		04D09F7C2A8B646E00503DFF /* HPHTTP.swift */ = {isa = PBXFileReference; lastKnownFileType = sourcecode.swift; path = HPHTTP.swift; sourceTree = "<group>"; usesTabs = 0; wrapsLines = 1; };
		04D09F7F2A8B726700503DFF /* ReqNewsListEntity.swift */ = {isa = PBXFileReference; lastKnownFileType = sourcecode.swift; path = ReqNewsListEntity.swift; sourceTree = "<group>"; };
		04D09F812A8C77B600503DFF /* ReqRecommendListEntity.swift */ = {isa = PBXFileReference; lastKnownFileType = sourcecode.swift; path = ReqRecommendListEntity.swift; sourceTree = "<group>"; };
		04D09F832A8CB80800503DFF /* ReqHotListEntity.swift */ = {isa = PBXFileReference; lastKnownFileType = sourcecode.swift; path = ReqHotListEntity.swift; sourceTree = "<group>"; };
		04D09F852A8CC96F00503DFF /* GenerateJsonClass.swift */ = {isa = PBXFileReference; lastKnownFileType = sourcecode.swift; path = GenerateJsonClass.swift; sourceTree = "<group>"; };
		04D09F8C2A949D2B00503DFF /* HomeViewController.swift */ = {isa = PBXFileReference; lastKnownFileType = sourcecode.swift; path = HomeViewController.swift; sourceTree = "<group>"; };
		04D09F902A94B5F600503DFF /* NewsViewController.swift */ = {isa = PBXFileReference; lastKnownFileType = sourcecode.swift; path = NewsViewController.swift; sourceTree = "<group>"; };
		04D09F922A94B62D00503DFF /* HotViewCotroller.swift */ = {isa = PBXFileReference; lastKnownFileType = sourcecode.swift; path = HotViewCotroller.swift; sourceTree = "<group>"; };
		04D09F942A94B64400503DFF /* RecommendViewController.swift */ = {isa = PBXFileReference; lastKnownFileType = sourcecode.swift; path = RecommendViewController.swift; sourceTree = "<group>"; };
		04D09F962A94B7A300503DFF /* MainViewController.swift */ = {isa = PBXFileReference; lastKnownFileType = sourcecode.swift; path = MainViewController.swift; sourceTree = "<group>"; };
		04D09F992A94B82A00503DFF /* ProfileViewController.swift */ = {isa = PBXFileReference; lastKnownFileType = sourcecode.swift; path = ProfileViewController.swift; sourceTree = "<group>"; };
		A4081144F2D964DEBFA94D58 /* Pods_ANKHP.framework */ = {isa = PBXFileReference; explicitFileType = wrapper.framework; includeInIndex = 0; path = Pods_ANKHP.framework; sourceTree = BUILT_PRODUCTS_DIR; };
		D5EB03037016DCFB876D2D6E /* Pods-ANKHP.debug.xcconfig */ = {isa = PBXFileReference; includeInIndex = 1; lastKnownFileType = text.xcconfig; name = "Pods-ANKHP.debug.xcconfig"; path = "Target Support Files/Pods-ANKHP/Pods-ANKHP.debug.xcconfig"; sourceTree = "<group>"; };
		E59C3D222C5CCB5657450903 /* Pods-ANKHP.release.xcconfig */ = {isa = PBXFileReference; includeInIndex = 1; lastKnownFileType = text.xcconfig; name = "Pods-ANKHP.release.xcconfig"; path = "Target Support Files/Pods-ANKHP/Pods-ANKHP.release.xcconfig"; sourceTree = "<group>"; };
/* End PBXFileReference section */

/* Begin PBXFrameworksBuildPhase section */
		04D09F5D2A8B547900503DFF /* Frameworks */ = {
			isa = PBXFrameworksBuildPhase;
			buildActionMask = 2147483647;
			files = (
				AAA9D8340C0554A3B6B1F8D3 /* Pods_ANKHP.framework in Frameworks */,
			);
			runOnlyForDeploymentPostprocessing = 0;
		};
/* End PBXFrameworksBuildPhase section */

/* Begin PBXGroup section */
		04D09F572A8B547900503DFF = {
			isa = PBXGroup;
			children = (
				04D09F622A8B547900503DFF /* ANKHP */,
				04D09F612A8B547900503DFF /* Products */,
				04EC7C9AD49EF1E80134E427 /* Pods */,
				BF42074E34742AA28955F915 /* Frameworks */,
			);
			sourceTree = "<group>";
		};
		04D09F612A8B547900503DFF /* Products */ = {
			isa = PBXGroup;
			children = (
				04D09F602A8B547900503DFF /* ANKHP.app */,
			);
			name = Products;
			sourceTree = "<group>";
		};
		04D09F622A8B547900503DFF /* ANKHP */ = {
			isa = PBXGroup;
			children = (
				04D09F772A8B609200503DFF /* Service */,
				04D09F872A949B9200503DFF /* Client */,
				04D09F632A8B547900503DFF /* AppDelegate.swift */,
				04D09F6C2A8B547A00503DFF /* Assets.xcassets */,
				04D09F6E2A8B547A00503DFF /* LaunchScreen.storyboard */,
				04D09F712A8B547A00503DFF /* Info.plist */,
			);
			path = ANKHP;
			sourceTree = "<group>";
		};
		04D09F772A8B609200503DFF /* Service */ = {
			isa = PBXGroup;
			children = (
				04D09F7E2A8B71FE00503DFF /* Entity */,
				04D09F782A8B612200503DFF /* HPAPIMacro.swift */,
				04D09F7A2A8B63C400503DFF /* HPAPIProtocols.swift */,
				04D09F7C2A8B646E00503DFF /* HPHTTP.swift */,
			);
			path = Service;
			sourceTree = "<group>";
		};
		04D09F7E2A8B71FE00503DFF /* Entity */ = {
			isa = PBXGroup;
			children = (
				04D09F852A8CC96F00503DFF /* GenerateJsonClass.swift */,
				04D09F7F2A8B726700503DFF /* ReqNewsListEntity.swift */,
				04D09F812A8C77B600503DFF /* ReqRecommendListEntity.swift */,
				04D09F832A8CB80800503DFF /* ReqHotListEntity.swift */,
			);
			path = Entity;
			sourceTree = "<group>";
		};
		04D09F872A949B9200503DFF /* Client */ = {
			isa = PBXGroup;
			children = (
				04D09F882A949C5800503DFF /* Main */,
			);
			path = Client;
			sourceTree = "<group>";
		};
		04D09F882A949C5800503DFF /* Main */ = {
			isa = PBXGroup;
			children = (
				04D09F982A94B81700503DFF /* Profile */,
				04D09F8B2A949D1300503DFF /* Home */,
				04D09F962A94B7A300503DFF /* MainViewController.swift */,
			);
			path = Main;
			sourceTree = "<group>";
		};
		04D09F8B2A949D1300503DFF /* Home */ = {
			isa = PBXGroup;
			children = (
				04D09F8C2A949D2B00503DFF /* HomeViewController.swift */,
				04D09F902A94B5F600503DFF /* NewsViewController.swift */,
				04D09F922A94B62D00503DFF /* HotViewCotroller.swift */,
				04D09F942A94B64400503DFF /* RecommendViewController.swift */,
			);
			path = Home;
			sourceTree = "<group>";
		};
		04D09F982A94B81700503DFF /* Profile */ = {
			isa = PBXGroup;
			children = (
				04D09F992A94B82A00503DFF /* ProfileViewController.swift */,
			);
			path = Profile;
			sourceTree = "<group>";
		};
		04EC7C9AD49EF1E80134E427 /* Pods */ = {
			isa = PBXGroup;
			children = (
				D5EB03037016DCFB876D2D6E /* Pods-ANKHP.debug.xcconfig */,
				E59C3D222C5CCB5657450903 /* Pods-ANKHP.release.xcconfig */,
			);
			path = Pods;
			sourceTree = "<group>";
		};
		BF42074E34742AA28955F915 /* Frameworks */ = {
			isa = PBXGroup;
			children = (
				A4081144F2D964DEBFA94D58 /* Pods_ANKHP.framework */,
			);
			name = Frameworks;
			sourceTree = "<group>";
		};
/* End PBXGroup section */

/* Begin PBXNativeTarget section */
		04D09F5F2A8B547900503DFF /* ANKHP */ = {
			isa = PBXNativeTarget;
			buildConfigurationList = 04D09F742A8B547A00503DFF /* Build configuration list for PBXNativeTarget "ANKHP" */;
			buildPhases = (
				C3BCB36BF52EF5DA4F73550E /* [CP] Check Pods Manifest.lock */,
				04D09F5C2A8B547900503DFF /* Sources */,
				04D09F5D2A8B547900503DFF /* Frameworks */,
				04D09F5E2A8B547900503DFF /* Resources */,
				21BC9FAC1FE1A62BE138EB7B /* [CP] Embed Pods Frameworks */,
			);
			buildRules = (
			);
			dependencies = (
			);
			name = ANKHP;
			productName = ANKHP;
			productReference = 04D09F602A8B547900503DFF /* ANKHP.app */;
			productType = "com.apple.product-type.application";
		};
/* End PBXNativeTarget section */

/* Begin PBXProject section */
		04D09F582A8B547900503DFF /* Project object */ = {
			isa = PBXProject;
			attributes = {
				BuildIndependentTargetsInParallel = 1;
				LastSwiftUpdateCheck = 1430;
				LastUpgradeCheck = 1430;
				TargetAttributes = {
					04D09F5F2A8B547900503DFF = {
						CreatedOnToolsVersion = 14.3.1;
					};
				};
			};
			buildConfigurationList = 04D09F5B2A8B547900503DFF /* Build configuration list for PBXProject "ANKHP" */;
			compatibilityVersion = "Xcode 14.0";
			developmentRegion = en;
			hasScannedForEncodings = 0;
			knownRegions = (
				en,
				Base,
			);
			mainGroup = 04D09F572A8B547900503DFF;
			productRefGroup = 04D09F612A8B547900503DFF /* Products */;
			projectDirPath = "";
			projectRoot = "";
			targets = (
				04D09F5F2A8B547900503DFF /* ANKHP */,
			);
		};
/* End PBXProject section */

/* Begin PBXResourcesBuildPhase section */
		04D09F5E2A8B547900503DFF /* Resources */ = {
			isa = PBXResourcesBuildPhase;
			buildActionMask = 2147483647;
			files = (
				04D09F702A8B547A00503DFF /* LaunchScreen.storyboard in Resources */,
				04D09F6D2A8B547A00503DFF /* Assets.xcassets in Resources */,
			);
			runOnlyForDeploymentPostprocessing = 0;
		};
/* End PBXResourcesBuildPhase section */

/* Begin PBXShellScriptBuildPhase section */
		21BC9FAC1FE1A62BE138EB7B /* [CP] Embed Pods Frameworks */ = {
			isa = PBXShellScriptBuildPhase;
			buildActionMask = 2147483647;
			files = (
			);
			inputFileListPaths = (
				"${PODS_ROOT}/Target Support Files/Pods-ANKHP/Pods-ANKHP-frameworks-${CONFIGURATION}-input-files.xcfilelist",
			);
			name = "[CP] Embed Pods Frameworks";
			outputFileListPaths = (
				"${PODS_ROOT}/Target Support Files/Pods-ANKHP/Pods-ANKHP-frameworks-${CONFIGURATION}-output-files.xcfilelist",
			);
			runOnlyForDeploymentPostprocessing = 0;
			shellPath = /bin/sh;
			shellScript = "\"${PODS_ROOT}/Target Support Files/Pods-ANKHP/Pods-ANKHP-frameworks.sh\"\n";
			showEnvVarsInLog = 0;
		};
		C3BCB36BF52EF5DA4F73550E /* [CP] Check Pods Manifest.lock */ = {
			isa = PBXShellScriptBuildPhase;
			buildActionMask = 2147483647;
			files = (
			);
			inputFileListPaths = (
			);
			inputPaths = (
				"${PODS_PODFILE_DIR_PATH}/Podfile.lock",
				"${PODS_ROOT}/Manifest.lock",
			);
			name = "[CP] Check Pods Manifest.lock";
			outputFileListPaths = (
			);
			outputPaths = (
				"$(DERIVED_FILE_DIR)/Pods-ANKHP-checkManifestLockResult.txt",
			);
			runOnlyForDeploymentPostprocessing = 0;
			shellPath = /bin/sh;
			shellScript = "diff \"${PODS_PODFILE_DIR_PATH}/Podfile.lock\" \"${PODS_ROOT}/Manifest.lock\" > /dev/null\nif [ $? != 0 ] ; then\n    # print error to STDERR\n    echo \"error: The sandbox is not in sync with the Podfile.lock. Run 'pod install' or update your CocoaPods installation.\" >&2\n    exit 1\nfi\n# This output is used by Xcode 'outputs' to avoid re-running this script phase.\necho \"SUCCESS\" > \"${SCRIPT_OUTPUT_FILE_0}\"\n";
			showEnvVarsInLog = 0;
		};
/* End PBXShellScriptBuildPhase section */

/* Begin PBXSourcesBuildPhase section */
		04D09F5C2A8B547900503DFF /* Sources */ = {
			isa = PBXSourcesBuildPhase;
			buildActionMask = 2147483647;
			files = (
				04D09F792A8B612200503DFF /* HPAPIMacro.swift in Sources */,
				04D09F972A94B7A300503DFF /* MainViewController.swift in Sources */,
				04D09F822A8C77B600503DFF /* ReqRecommendListEntity.swift in Sources */,
				04D09F8D2A949D2B00503DFF /* HomeViewController.swift in Sources */,
				04D09F9A2A94B82A00503DFF /* ProfileViewController.swift in Sources */,
				04D09F862A8CC96F00503DFF /* GenerateJsonClass.swift in Sources */,
				04D09F952A94B64400503DFF /* RecommendViewController.swift in Sources */,
				04D09F912A94B5F600503DFF /* NewsViewController.swift in Sources */,
				04D09F932A94B62D00503DFF /* HotViewCotroller.swift in Sources */,
				04D09F642A8B547900503DFF /* AppDelegate.swift in Sources */,
				04D09F7D2A8B646E00503DFF /* HPHTTP.swift in Sources */,
				04D09F842A8CB80800503DFF /* ReqHotListEntity.swift in Sources */,
				04D09F7B2A8B63C400503DFF /* HPAPIProtocols.swift in Sources */,
				04D09F802A8B726700503DFF /* ReqNewsListEntity.swift in Sources */,
			);
			runOnlyForDeploymentPostprocessing = 0;
		};
/* End PBXSourcesBuildPhase section */

/* Begin PBXVariantGroup section */
		04D09F6E2A8B547A00503DFF /* LaunchScreen.storyboard */ = {
			isa = PBXVariantGroup;
			children = (
				04D09F6F2A8B547A00503DFF /* Base */,
			);
			name = LaunchScreen.storyboard;
			sourceTree = "<group>";
		};
/* End PBXVariantGroup section */

/* Begin XCBuildConfiguration section */
		04D09F722A8B547A00503DFF /* Debug */ = {
			isa = XCBuildConfiguration;
			buildSettings = {
				ALWAYS_SEARCH_USER_PATHS = NO;
				CLANG_ANALYZER_NONNULL = YES;
				CLANG_ANALYZER_NUMBER_OBJECT_CONVERSION = YES_AGGRESSIVE;
				CLANG_CXX_LANGUAGE_STANDARD = "gnu++20";
				CLANG_ENABLE_MODULES = YES;
				CLANG_ENABLE_OBJC_ARC = YES;
				CLANG_ENABLE_OBJC_WEAK = YES;
				CLANG_WARN_BLOCK_CAPTURE_AUTORELEASING = YES;
				CLANG_WARN_BOOL_CONVERSION = YES;
				CLANG_WARN_COMMA = YES;
				CLANG_WARN_CONSTANT_CONVERSION = YES;
				CLANG_WARN_DEPRECATED_OBJC_IMPLEMENTATIONS = YES;
				CLANG_WARN_DIRECT_OBJC_ISA_USAGE = YES_ERROR;
				CLANG_WARN_DOCUMENTATION_COMMENTS = YES;
				CLANG_WARN_EMPTY_BODY = YES;
				CLANG_WARN_ENUM_CONVERSION = YES;
				CLANG_WARN_INFINITE_RECURSION = YES;
				CLANG_WARN_INT_CONVERSION = YES;
				CLANG_WARN_NON_LITERAL_NULL_CONVERSION = YES;
				CLANG_WARN_OBJC_IMPLICIT_RETAIN_SELF = YES;
				CLANG_WARN_OBJC_LITERAL_CONVERSION = YES;
				CLANG_WARN_OBJC_ROOT_CLASS = YES_ERROR;
				CLANG_WARN_QUOTED_INCLUDE_IN_FRAMEWORK_HEADER = YES;
				CLANG_WARN_RANGE_LOOP_ANALYSIS = YES;
				CLANG_WARN_STRICT_PROTOTYPES = YES;
				CLANG_WARN_SUSPICIOUS_MOVE = YES;
				CLANG_WARN_UNGUARDED_AVAILABILITY = YES_AGGRESSIVE;
				CLANG_WARN_UNREACHABLE_CODE = YES;
				CLANG_WARN__DUPLICATE_METHOD_MATCH = YES;
				COPY_PHASE_STRIP = NO;
				DEBUG_INFORMATION_FORMAT = dwarf;
				ENABLE_STRICT_OBJC_MSGSEND = YES;
				ENABLE_TESTABILITY = YES;
				GCC_C_LANGUAGE_STANDARD = gnu11;
				GCC_DYNAMIC_NO_PIC = NO;
				GCC_NO_COMMON_BLOCKS = YES;
				GCC_OPTIMIZATION_LEVEL = 0;
				GCC_PREPROCESSOR_DEFINITIONS = (
					"DEBUG=1",
					"$(inherited)",
				);
				GCC_WARN_64_TO_32_BIT_CONVERSION = YES;
				GCC_WARN_ABOUT_RETURN_TYPE = YES_ERROR;
				GCC_WARN_UNDECLARED_SELECTOR = YES;
				GCC_WARN_UNINITIALIZED_AUTOS = YES_AGGRESSIVE;
				GCC_WARN_UNUSED_FUNCTION = YES;
				GCC_WARN_UNUSED_VARIABLE = YES;
				IPHONEOS_DEPLOYMENT_TARGET = 16.4;
				MTL_ENABLE_DEBUG_INFO = INCLUDE_SOURCE;
				MTL_FAST_MATH = YES;
				ONLY_ACTIVE_ARCH = YES;
				SDKROOT = iphoneos;
				SWIFT_ACTIVE_COMPILATION_CONDITIONS = DEBUG;
				SWIFT_OPTIMIZATION_LEVEL = "-Onone";
			};
			name = Debug;
		};
		04D09F732A8B547A00503DFF /* Release */ = {
			isa = XCBuildConfiguration;
			buildSettings = {
				ALWAYS_SEARCH_USER_PATHS = NO;
				CLANG_ANALYZER_NONNULL = YES;
				CLANG_ANALYZER_NUMBER_OBJECT_CONVERSION = YES_AGGRESSIVE;
				CLANG_CXX_LANGUAGE_STANDARD = "gnu++20";
				CLANG_ENABLE_MODULES = YES;
				CLANG_ENABLE_OBJC_ARC = YES;
				CLANG_ENABLE_OBJC_WEAK = YES;
				CLANG_WARN_BLOCK_CAPTURE_AUTORELEASING = YES;
				CLANG_WARN_BOOL_CONVERSION = YES;
				CLANG_WARN_COMMA = YES;
				CLANG_WARN_CONSTANT_CONVERSION = YES;
				CLANG_WARN_DEPRECATED_OBJC_IMPLEMENTATIONS = YES;
				CLANG_WARN_DIRECT_OBJC_ISA_USAGE = YES_ERROR;
				CLANG_WARN_DOCUMENTATION_COMMENTS = YES;
				CLANG_WARN_EMPTY_BODY = YES;
				CLANG_WARN_ENUM_CONVERSION = YES;
				CLANG_WARN_INFINITE_RECURSION = YES;
				CLANG_WARN_INT_CONVERSION = YES;
				CLANG_WARN_NON_LITERAL_NULL_CONVERSION = YES;
				CLANG_WARN_OBJC_IMPLICIT_RETAIN_SELF = YES;
				CLANG_WARN_OBJC_LITERAL_CONVERSION = YES;
				CLANG_WARN_OBJC_ROOT_CLASS = YES_ERROR;
				CLANG_WARN_QUOTED_INCLUDE_IN_FRAMEWORK_HEADER = YES;
				CLANG_WARN_RANGE_LOOP_ANALYSIS = YES;
				CLANG_WARN_STRICT_PROTOTYPES = YES;
				CLANG_WARN_SUSPICIOUS_MOVE = YES;
				CLANG_WARN_UNGUARDED_AVAILABILITY = YES_AGGRESSIVE;
				CLANG_WARN_UNREACHABLE_CODE = YES;
				CLANG_WARN__DUPLICATE_METHOD_MATCH = YES;
				COPY_PHASE_STRIP = NO;
				DEBUG_INFORMATION_FORMAT = "dwarf-with-dsym";
				ENABLE_NS_ASSERTIONS = NO;
				ENABLE_STRICT_OBJC_MSGSEND = YES;
				GCC_C_LANGUAGE_STANDARD = gnu11;
				GCC_NO_COMMON_BLOCKS = YES;
				GCC_WARN_64_TO_32_BIT_CONVERSION = YES;
				GCC_WARN_ABOUT_RETURN_TYPE = YES_ERROR;
				GCC_WARN_UNDECLARED_SELECTOR = YES;
				GCC_WARN_UNINITIALIZED_AUTOS = YES_AGGRESSIVE;
				GCC_WARN_UNUSED_FUNCTION = YES;
				GCC_WARN_UNUSED_VARIABLE = YES;
				IPHONEOS_DEPLOYMENT_TARGET = 16.4;
				MTL_ENABLE_DEBUG_INFO = NO;
				MTL_FAST_MATH = YES;
				SDKROOT = iphoneos;
				SWIFT_COMPILATION_MODE = wholemodule;
				SWIFT_OPTIMIZATION_LEVEL = "-O";
				VALIDATE_PRODUCT = YES;
			};
			name = Release;
		};
		04D09F752A8B547A00503DFF /* Debug */ = {
			isa = XCBuildConfiguration;
			baseConfigurationReference = D5EB03037016DCFB876D2D6E /* Pods-ANKHP.debug.xcconfig */;
			buildSettings = {
				ASSETCATALOG_COMPILER_APPICON_NAME = AppIcon;
				ASSETCATALOG_COMPILER_GLOBAL_ACCENT_COLOR_NAME = AccentColor;
				CODE_SIGN_STYLE = Automatic;
				CURRENT_PROJECT_VERSION = 1;
				DEVELOPMENT_TEAM = 9988NM6YJS;
				GENERATE_INFOPLIST_FILE = YES;
				INFOPLIST_FILE = ANKHP/Info.plist;
				INFOPLIST_KEY_UIApplicationSupportsIndirectInputEvents = YES;
				INFOPLIST_KEY_UILaunchStoryboardName = "";
				INFOPLIST_KEY_UIMainStoryboardFile = "";
				INFOPLIST_KEY_UISupportedInterfaceOrientations = UIInterfaceOrientationPortrait;
				INFOPLIST_KEY_UISupportedInterfaceOrientations_iPad = "UIInterfaceOrientationLandscapeLeft UIInterfaceOrientationLandscapeRight UIInterfaceOrientationPortrait UIInterfaceOrientationPortraitUpsideDown";
				IPHONEOS_DEPLOYMENT_TARGET = 11.0;
				LD_RUNPATH_SEARCH_PATHS = (
					"$(inherited)",
					"@executable_path/Frameworks",
				);
				MARKETING_VERSION = 1.0;
				PRODUCT_BUNDLE_IDENTIFIER = com.animenzzzkj.ankhp;
				PRODUCT_NAME = "$(TARGET_NAME)";
				SWIFT_EMIT_LOC_STRINGS = YES;
				SWIFT_VERSION = 5.0;
				TARGETED_DEVICE_FAMILY = "1,2";
			};
			name = Debug;
		};
		04D09F762A8B547A00503DFF /* Release */ = {
			isa = XCBuildConfiguration;
			baseConfigurationReference = E59C3D222C5CCB5657450903 /* Pods-ANKHP.release.xcconfig */;
			buildSettings = {
				ASSETCATALOG_COMPILER_APPICON_NAME = AppIcon;
				ASSETCATALOG_COMPILER_GLOBAL_ACCENT_COLOR_NAME = AccentColor;
				CODE_SIGN_STYLE = Automatic;
				CURRENT_PROJECT_VERSION = 1;
				DEVELOPMENT_TEAM = 9988NM6YJS;
				GENERATE_INFOPLIST_FILE = YES;
				INFOPLIST_FILE = ANKHP/Info.plist;
				INFOPLIST_KEY_UIApplicationSupportsIndirectInputEvents = YES;
				INFOPLIST_KEY_UILaunchStoryboardName = "";
				INFOPLIST_KEY_UIMainStoryboardFile = "";
				INFOPLIST_KEY_UISupportedInterfaceOrientations = UIInterfaceOrientationPortrait;
				INFOPLIST_KEY_UISupportedInterfaceOrientations_iPad = "UIInterfaceOrientationLandscapeLeft UIInterfaceOrientationLandscapeRight UIInterfaceOrientationPortrait UIInterfaceOrientationPortraitUpsideDown";
				IPHONEOS_DEPLOYMENT_TARGET = 11.0;
				LD_RUNPATH_SEARCH_PATHS = (
					"$(inherited)",
					"@executable_path/Frameworks",
				);
				MARKETING_VERSION = 1.0;
				PRODUCT_BUNDLE_IDENTIFIER = com.animenzzzkj.ankhp;
				PRODUCT_NAME = "$(TARGET_NAME)";
				SWIFT_EMIT_LOC_STRINGS = YES;
				SWIFT_VERSION = 5.0;
				TARGETED_DEVICE_FAMILY = "1,2";
			};
			name = Release;
		};
/* End XCBuildConfiguration section */

/* Begin XCConfigurationList section */
		04D09F5B2A8B547900503DFF /* Build configuration list for PBXProject "ANKHP" */ = {
			isa = XCConfigurationList;
			buildConfigurations = (
				04D09F722A8B547A00503DFF /* Debug */,
				04D09F732A8B547A00503DFF /* Release */,
			);
			defaultConfigurationIsVisible = 0;
			defaultConfigurationName = Release;
		};
		04D09F742A8B547A00503DFF /* Build configuration list for PBXNativeTarget "ANKHP" */ = {
			isa = XCConfigurationList;
			buildConfigurations = (
				04D09F752A8B547A00503DFF /* Debug */,
				04D09F762A8B547A00503DFF /* Release */,
			);
			defaultConfigurationIsVisible = 0;
			defaultConfigurationName = Release;
		};
/* End XCConfigurationList section */
	};
	rootObject = 04D09F582A8B547900503DFF /* Project object */;
}
